
Microsoft Visual Studio Solution File, Format Version 12.00
# Visual Studio Version 16
VisualStudioVersion = 16.0.29926.136
MinimumVisualStudioVersion = 10.0.40219.1
Project("{FAE04EC0-301F-11D3-BF4B-00C04F79EFBC}") = "M1HelloWorld", "M1HelloWorld\M1HelloWorld.csproj", "{5A54EFBF-D235-4D4F-82F1-0DF27F40597F}"
EndProject
Project("{FAE04EC0-301F-11D3-BF4B-00C04F79EFBC}") = "Demo-Console", "Demo-Console\Demo-Console.csproj", "{4A7FEF81-73F1-436F-9C14-2D10C367F0B2}"
EndProject
Project("{FAE04EC0-301F-11D3-BF4B-00C04F79EFBC}") = "Demo-bool", "Demo-bool\Demo-bool.csproj", "{4CDC73B6-A9FD-471C-A869-A18738BD5A07}"
EndProject
Project("{FAE04EC0-301F-11D3-BF4B-00C04F79EFBC}") = "Demo-int", "Demo-int\Demo-int.csproj", "{50A50E22-DC47-42FA-915E-13FBFE3E4AAA}"
EndProject
Project("{FAE04EC0-301F-11D3-BF4B-00C04F79EFBC}") = "Demo-double", "Demo-double\Demo-double.csproj", "{EA833B97-8F61-4781-B1A4-68AF36263D64}"
EndProject
Global
	GlobalSection(SolutionConfigurationPlatforms) = preSolution
		Debug|Any CPU = Debug|Any CPU
		Release|Any CPU = Release|Any CPU
	EndGlobalSection
	GlobalSection(ProjectConfigurationPlatforms) = postSolution
		{5A54EFBF-D235-4D4F-82F1-0DF27F40597F}.Debug|Any CPU.ActiveCfg = Debug|Any CPU
		{5A54EFBF-D235-4D4F-82F1-0DF27F40597F}.Debug|Any CPU.Build.0 = Debug|Any CPU
		{5A54EFBF-D235-4D4F-82F1-0DF27F40597F}.Release|Any CPU.ActiveCfg = Release|Any CPU
		{5A54EFBF-D235-4D4F-82F1-0DF27F40597F}.Release|Any CPU.Build.0 = Release|Any CPU
		{4A7FEF81-73F1-436F-9C14-2D10C367F0B2}.Debug|Any CPU.ActiveCfg = Debug|Any CPU
		{4A7FEF81-73F1-436F-9C14-2D10C367F0B2}.Debug|Any CPU.Build.0 = Debug|Any CPU
		{4A7FEF81-73F1-436F-9C14-2D10C367F0B2}.Release|Any CPU.ActiveCfg = Release|Any CPU
		{4A7FEF81-73F1-436F-9C14-2D10C367F0B2}.Release|Any CPU.Build.0 = Release|Any CPU
		{4CDC73B6-A9FD-471C-A869-A18738BD5A07}.Debug|Any CPU.ActiveCfg = Debug|Any CPU
		{4CDC73B6-A9FD-471C-A869-A18738BD5A07}.Debug|Any CPU.Build.0 = Debug|Any CPU
		{4CDC73B6-A9FD-471C-A869-A18738BD5A07}.Release|Any CPU.ActiveCfg = Release|Any CPU
		{4CDC73B6-A9FD-471C-A869-A18738BD5A07}.Release|Any CPU.Build.0 = Release|Any CPU
		{50A50E22-DC47-42FA-915E-13FBFE3E4AAA}.Debug|Any CPU.ActiveCfg = Debug|Any CPU
		{50A50E22-DC47-42FA-915E-13FBFE3E4AAA}.Debug|Any CPU.Build.0 = Debug|Any CPU
		{50A50E22-DC47-42FA-915E-13FBFE3E4AAA}.Release|Any CPU.ActiveCfg = Release|Any CPU
		{50A50E22-DC47-42FA-915E-13FBFE3E4AAA}.Release|Any CPU.Build.0 = Release|Any CPU
		{EA833B97-8F61-4781-B1A4-68AF36263D64}.Debug|Any CPU.ActiveCfg = Debug|Any CPU
		{EA833B97-8F61-4781-B1A4-68AF36263D64}.Debug|Any CPU.Build.0 = Debug|Any CPU
		{EA833B97-8F61-4781-B1A4-68AF36263D64}.Release|Any CPU.ActiveCfg = Release|Any CPU
		{EA833B97-8F61-4781-B1A4-68AF36263D64}.Release|Any CPU.Build.0 = Release|Any CPU
	EndGlobalSection
	GlobalSection(SolutionProperties) = preSolution
		HideSolutionNode = FALSE
	EndGlobalSection
	GlobalSection(ExtensibilityGlobals) = postSolution
		SolutionGuid = {86467CD9-07C4-48F7-9B9D-9103694FF73E}
	EndGlobalSection
EndGlobal
